
Microsoft Visual Studio Solution File, Format Version 12.00
# Visual Studio Version 16
VisualStudioVersion = 16.0.30907.101
MinimumVisualStudioVersion = 10.0.40219.1
Project("{9A19103F-16F7-4668-BE54-9A1E7A4F7556}") = "HotelIsaac", "HotelIsaac\HotelIsaac.csproj", "{E8949190-75C9-423F-AF54-9CC6681AD563}"
EndProject
Project("{FAE04EC0-301F-11D3-BF4B-00C04F79EFBC}") = "HotelIsaac_Test", "HotelIsaac_Test\HotelIsaac_Test.csproj", "{193F33BA-3470-4EF5-8EC9-1B689DEA9DF3}"
EndProject
Global
	GlobalSection(SolutionConfigurationPlatforms) = preSolution
		Debug|Any CPU = Debug|Any CPU
		Release|Any CPU = Release|Any CPU
	EndGlobalSection
	GlobalSection(ProjectConfigurationPlatforms) = postSolution
		{E8949190-75C9-423F-AF54-9CC6681AD563}.Debug|Any CPU.ActiveCfg = Debug|Any CPU
		{E8949190-75C9-423F-AF54-9CC6681AD563}.Debug|Any CPU.Build.0 = Debug|Any CPU
		{E8949190-75C9-423F-AF54-9CC6681AD563}.Release|Any CPU.ActiveCfg = Release|Any CPU
		{E8949190-75C9-423F-AF54-9CC6681AD563}.Release|Any CPU.Build.0 = Release|Any CPU
		{193F33BA-3470-4EF5-8EC9-1B689DEA9DF3}.Debug|Any CPU.ActiveCfg = Debug|Any CPU
		{193F33BA-3470-4EF5-8EC9-1B689DEA9DF3}.Debug|Any CPU.Build.0 = Debug|Any CPU
		{193F33BA-3470-4EF5-8EC9-1B689DEA9DF3}.Release|Any CPU.ActiveCfg = Release|Any CPU
		{193F33BA-3470-4EF5-8EC9-1B689DEA9DF3}.Release|Any CPU.Build.0 = Release|Any CPU
	EndGlobalSection
	GlobalSection(SolutionProperties) = preSolution
		HideSolutionNode = FALSE
	EndGlobalSection
	GlobalSection(ExtensibilityGlobals) = postSolution
		SolutionGuid = {256F92B5-D6E7-4B27-A755-03E30449C476}
	EndGlobalSection
EndGlobal
